
Microsoft Visual Studio Solution File, Format Version 12.00
# Visual Studio Version 16
VisualStudioVersion = 16.0.29609.76
MinimumVisualStudioVersion = 10.0.40219.1
Project("{FAE04EC0-301F-11D3-BF4B-00C04F79EFBC}") = "RF62X-SDK", "..\..\..\RF62X-Wrappers\CSharp\RF62X-SDK\RF62X-SDK.csproj", "{9A650742-3D98-4EDB-880D-C6CBEF7F11C6}"
EndProject
Project("{FAE04EC0-301F-11D3-BF4B-00C04F79EFBC}") = "SEARCH_EXAMPLE", "SEARCH_EXAMPLE\SEARCH_EXAMPLE.csproj", "{1ECB31E8-127F-497D-A399-1AA32D8B3E86}"
EndProject
Project("{FAE04EC0-301F-11D3-BF4B-00C04F79EFBC}") = "PROFILE_EXAMPLE", "PROFILE_EXAMPLE\PROFILE_EXAMPLE.csproj", "{58B093A0-E50A-4E77-8D66-731D5A22E241}"
EndProject
Project("{FAE04EC0-301F-11D3-BF4B-00C04F79EFBC}") = "FRAME_EXAMPLE", "FRAME_EXAMPLE\FRAME_EXAMPLE.csproj", "{344939F5-D6A4-44B5-9E79-DD63AA0A3AD1}"
EndProject
Project("{FAE04EC0-301F-11D3-BF4B-00C04F79EFBC}") = "PARAMETER_EXAMPLE", "PARAMETER_EXAMPLE\PARAMETER_EXAMPLE.csproj", "{6DBE529D-5CC3-4482-99E6-7DCC1EC79145}"
EndProject
Project("{FAE04EC0-301F-11D3-BF4B-00C04F79EFBC}") = "DUMP_EXAMPLE", "DUMP_EXAMPLE\DUMP_EXAMPLE.csproj", "{7B9EBDC7-F1A3-4670-8582-9229CB9EEA82}"
EndProject
Project("{FAE04EC0-301F-11D3-BF4B-00C04F79EFBC}") = "SCANNER_TEST", "SCANNER_TEST\SCANNER_TEST.csproj", "{D66536C3-B944-4FD7-9911-8A38EF877A8A}"
EndProject
Global
	GlobalSection(SolutionConfigurationPlatforms) = preSolution
		Debug|Any CPU = Debug|Any CPU
		Debug|x64 = Debug|x64
		Debug|x86 = Debug|x86
		Release|Any CPU = Release|Any CPU
		Release|x64 = Release|x64
		Release|x86 = Release|x86
	EndGlobalSection
	GlobalSection(ProjectConfigurationPlatforms) = postSolution
		{9A650742-3D98-4EDB-880D-C6CBEF7F11C6}.Debug|Any CPU.ActiveCfg = Debug|Any CPU
		{9A650742-3D98-4EDB-880D-C6CBEF7F11C6}.Debug|Any CPU.Build.0 = Debug|Any CPU
		{9A650742-3D98-4EDB-880D-C6CBEF7F11C6}.Debug|x64.ActiveCfg = Debug|x64
		{9A650742-3D98-4EDB-880D-C6CBEF7F11C6}.Debug|x64.Build.0 = Debug|x64
		{9A650742-3D98-4EDB-880D-C6CBEF7F11C6}.Debug|x86.ActiveCfg = Debug|x86
		{9A650742-3D98-4EDB-880D-C6CBEF7F11C6}.Debug|x86.Build.0 = Debug|x86
		{9A650742-3D98-4EDB-880D-C6CBEF7F11C6}.Release|Any CPU.ActiveCfg = Release|Any CPU
		{9A650742-3D98-4EDB-880D-C6CBEF7F11C6}.Release|Any CPU.Build.0 = Release|Any CPU
		{9A650742-3D98-4EDB-880D-C6CBEF7F11C6}.Release|x64.ActiveCfg = Release|x64
		{9A650742-3D98-4EDB-880D-C6CBEF7F11C6}.Release|x64.Build.0 = Release|x64
		{9A650742-3D98-4EDB-880D-C6CBEF7F11C6}.Release|x86.ActiveCfg = Release|x86
		{9A650742-3D98-4EDB-880D-C6CBEF7F11C6}.Release|x86.Build.0 = Release|x86
		{1ECB31E8-127F-497D-A399-1AA32D8B3E86}.Debug|Any CPU.ActiveCfg = Debug|Any CPU
		{1ECB31E8-127F-497D-A399-1AA32D8B3E86}.Debug|Any CPU.Build.0 = Debug|Any CPU
		{1ECB31E8-127F-497D-A399-1AA32D8B3E86}.Debug|x64.ActiveCfg = Debug|Any CPU
		{1ECB31E8-127F-497D-A399-1AA32D8B3E86}.Debug|x64.Build.0 = Debug|Any CPU
		{1ECB31E8-127F-497D-A399-1AA32D8B3E86}.Debug|x86.ActiveCfg = Debug|Any CPU
		{1ECB31E8-127F-497D-A399-1AA32D8B3E86}.Debug|x86.Build.0 = Debug|Any CPU
		{1ECB31E8-127F-497D-A399-1AA32D8B3E86}.Release|Any CPU.ActiveCfg = Release|Any CPU
		{1ECB31E8-127F-497D-A399-1AA32D8B3E86}.Release|Any CPU.Build.0 = Release|Any CPU
		{1ECB31E8-127F-497D-A399-1AA32D8B3E86}.Release|x64.ActiveCfg = Release|x64
		{1ECB31E8-127F-497D-A399-1AA32D8B3E86}.Release|x64.Build.0 = Release|x64
		{1ECB31E8-127F-497D-A399-1AA32D8B3E86}.Release|x86.ActiveCfg = Release|Any CPU
		{1ECB31E8-127F-497D-A399-1AA32D8B3E86}.Release|x86.Build.0 = Release|Any CPU
		{58B093A0-E50A-4E77-8D66-731D5A22E241}.Debug|Any CPU.ActiveCfg = Debug|Any CPU
		{58B093A0-E50A-4E77-8D66-731D5A22E241}.Debug|Any CPU.Build.0 = Debug|Any CPU
		{58B093A0-E50A-4E77-8D66-731D5A22E241}.Debug|x64.ActiveCfg = Debug|Any CPU
		{58B093A0-E50A-4E77-8D66-731D5A22E241}.Debug|x64.Build.0 = Debug|Any CPU
		{58B093A0-E50A-4E77-8D66-731D5A22E241}.Debug|x86.ActiveCfg = Debug|Any CPU
		{58B093A0-E50A-4E77-8D66-731D5A22E241}.Debug|x86.Build.0 = Debug|Any CPU
		{58B093A0-E50A-4E77-8D66-731D5A22E241}.Release|Any CPU.ActiveCfg = Release|Any CPU
		{58B093A0-E50A-4E77-8D66-731D5A22E241}.Release|Any CPU.Build.0 = Release|Any CPU
		{58B093A0-E50A-4E77-8D66-731D5A22E241}.Release|x64.ActiveCfg = Release|x64
		{58B093A0-E50A-4E77-8D66-731D5A22E241}.Release|x64.Build.0 = Release|x64
		{58B093A0-E50A-4E77-8D66-731D5A22E241}.Release|x86.ActiveCfg = Release|Any CPU
		{58B093A0-E50A-4E77-8D66-731D5A22E241}.Release|x86.Build.0 = Release|Any CPU
		{344939F5-D6A4-44B5-9E79-DD63AA0A3AD1}.Debug|Any CPU.ActiveCfg = Debug|Any CPU
		{344939F5-D6A4-44B5-9E79-DD63AA0A3AD1}.Debug|Any CPU.Build.0 = Debug|Any CPU
		{344939F5-D6A4-44B5-9E79-DD63AA0A3AD1}.Debug|x64.ActiveCfg = Debug|Any CPU
		{344939F5-D6A4-44B5-9E79-DD63AA0A3AD1}.Debug|x64.Build.0 = Debug|Any CPU
		{344939F5-D6A4-44B5-9E79-DD63AA0A3AD1}.Debug|x86.ActiveCfg = Debug|Any CPU
		{344939F5-D6A4-44B5-9E79-DD63AA0A3AD1}.Debug|x86.Build.0 = Debug|Any CPU
		{344939F5-D6A4-44B5-9E79-DD63AA0A3AD1}.Release|Any CPU.ActiveCfg = Release|Any CPU
		{344939F5-D6A4-44B5-9E79-DD63AA0A3AD1}.Release|Any CPU.Build.0 = Release|Any CPU
		{344939F5-D6A4-44B5-9E79-DD63AA0A3AD1}.Release|x64.ActiveCfg = Release|x64
		{344939F5-D6A4-44B5-9E79-DD63AA0A3AD1}.Release|x64.Build.0 = Release|x64
		{344939F5-D6A4-44B5-9E79-DD63AA0A3AD1}.Release|x86.ActiveCfg = Release|Any CPU
		{344939F5-D6A4-44B5-9E79-DD63AA0A3AD1}.Release|x86.Build.0 = Release|Any CPU
		{6DBE529D-5CC3-4482-99E6-7DCC1EC79145}.Debug|Any CPU.ActiveCfg = Debug|Any CPU
		{6DBE529D-5CC3-4482-99E6-7DCC1EC79145}.Debug|Any CPU.Build.0 = Debug|Any CPU
		{6DBE529D-5CC3-4482-99E6-7DCC1EC79145}.Debug|x64.ActiveCfg = Debug|Any CPU
		{6DBE529D-5CC3-4482-99E6-7DCC1EC79145}.Debug|x64.Build.0 = Debug|Any CPU
		{6DBE529D-5CC3-4482-99E6-7DCC1EC79145}.Debug|x86.ActiveCfg = Debug|Any CPU
		{6DBE529D-5CC3-4482-99E6-7DCC1EC79145}.Debug|x86.Build.0 = Debug|Any CPU
		{6DBE529D-5CC3-4482-99E6-7DCC1EC79145}.Release|Any CPU.ActiveCfg = Release|Any CPU
		{6DBE529D-5CC3-4482-99E6-7DCC1EC79145}.Release|Any CPU.Build.0 = Release|Any CPU
		{6DBE529D-5CC3-4482-99E6-7DCC1EC79145}.Release|x64.ActiveCfg = Release|x64
		{6DBE529D-5CC3-4482-99E6-7DCC1EC79145}.Release|x64.Build.0 = Release|x64
		{6DBE529D-5CC3-4482-99E6-7DCC1EC79145}.Release|x86.ActiveCfg = Release|Any CPU
		{6DBE529D-5CC3-4482-99E6-7DCC1EC79145}.Release|x86.Build.0 = Release|Any CPU
		{7B9EBDC7-F1A3-4670-8582-9229CB9EEA82}.Debug|Any CPU.ActiveCfg = Debug|Any CPU
		{7B9EBDC7-F1A3-4670-8582-9229CB9EEA82}.Debug|Any CPU.Build.0 = Debug|Any CPU
		{7B9EBDC7-F1A3-4670-8582-9229CB9EEA82}.Debug|x64.ActiveCfg = Debug|Any CPU
		{7B9EBDC7-F1A3-4670-8582-9229CB9EEA82}.Debug|x64.Build.0 = Debug|Any CPU
		{7B9EBDC7-F1A3-4670-8582-9229CB9EEA82}.Debug|x86.ActiveCfg = Debug|Any CPU
		{7B9EBDC7-F1A3-4670-8582-9229CB9EEA82}.Debug|x86.Build.0 = Debug|Any CPU
		{7B9EBDC7-F1A3-4670-8582-9229CB9EEA82}.Release|Any CPU.ActiveCfg = Release|Any CPU
		{7B9EBDC7-F1A3-4670-8582-9229CB9EEA82}.Release|Any CPU.Build.0 = Release|Any CPU
		{7B9EBDC7-F1A3-4670-8582-9229CB9EEA82}.Release|x64.ActiveCfg = Release|x64
		{7B9EBDC7-F1A3-4670-8582-9229CB9EEA82}.Release|x64.Build.0 = Release|x64
		{7B9EBDC7-F1A3-4670-8582-9229CB9EEA82}.Release|x86.ActiveCfg = Release|Any CPU
		{7B9EBDC7-F1A3-4670-8582-9229CB9EEA82}.Release|x86.Build.0 = Release|Any CPU
		{D66536C3-B944-4FD7-9911-8A38EF877A8A}.Debug|Any CPU.ActiveCfg = Debug|Any CPU
		{D66536C3-B944-4FD7-9911-8A38EF877A8A}.Debug|Any CPU.Build.0 = Debug|Any CPU
		{D66536C3-B944-4FD7-9911-8A38EF877A8A}.Debug|x64.ActiveCfg = Debug|Any CPU
		{D66536C3-B944-4FD7-9911-8A38EF877A8A}.Debug|x64.Build.0 = Debug|Any CPU
		{D66536C3-B944-4FD7-9911-8A38EF877A8A}.Debug|x86.ActiveCfg = Debug|Any CPU
		{D66536C3-B944-4FD7-9911-8A38EF877A8A}.Debug|x86.Build.0 = Debug|Any CPU
		{D66536C3-B944-4FD7-9911-8A38EF877A8A}.Release|Any CPU.ActiveCfg = Release|Any CPU
		{D66536C3-B944-4FD7-9911-8A38EF877A8A}.Release|Any CPU.Build.0 = Release|Any CPU
		{D66536C3-B944-4FD7-9911-8A38EF877A8A}.Release|x64.ActiveCfg = Release|Any CPU
		{D66536C3-B944-4FD7-9911-8A38EF877A8A}.Release|x64.Build.0 = Release|Any CPU
		{D66536C3-B944-4FD7-9911-8A38EF877A8A}.Release|x86.ActiveCfg = Release|Any CPU
		{D66536C3-B944-4FD7-9911-8A38EF877A8A}.Release|x86.Build.0 = Release|Any CPU
	EndGlobalSection
	GlobalSection(SolutionProperties) = preSolution
		HideSolutionNode = FALSE
	EndGlobalSection
	GlobalSection(ExtensibilityGlobals) = postSolution
		SolutionGuid = {835868EA-E3BC-41D5-8E94-E49C58C6342D}
	EndGlobalSection
EndGlobal
