
Microsoft Visual Studio Solution File, Format Version 12.00
# Visual Studio Version 16
VisualStudioVersion = 16.0.29609.76
MinimumVisualStudioVersion = 10.0.40219.1
Project("{FAE04EC0-301F-11D3-BF4B-00C04F79EFBC}") = "rf62Xsdk", "rf62Xsdk\rf62Xsdk.csproj", "{5F966733-8E45-4844-8D56-5397A76F3EDD}"
EndProject
Global
	GlobalSection(SolutionConfigurationPlatforms) = preSolution
		Debug|Any CPU = Debug|Any CPU
		Debug|x64 = Debug|x64
		Release|Any CPU = Release|Any CPU
		Release|x64 = Release|x64
	EndGlobalSection
	GlobalSection(ProjectConfigurationPlatforms) = postSolution
		{5F966733-8E45-4844-8D56-5397A76F3EDD}.Debug|Any CPU.ActiveCfg = Release|x64
		{5F966733-8E45-4844-8D56-5397A76F3EDD}.Debug|x64.ActiveCfg = Release|x64
		{5F966733-8E45-4844-8D56-5397A76F3EDD}.Release|Any CPU.ActiveCfg = Release|x64
		{5F966733-8E45-4844-8D56-5397A76F3EDD}.Release|x64.ActiveCfg = Release|x64
	EndGlobalSection
	GlobalSection(SolutionProperties) = preSolution
		HideSolutionNode = FALSE
	EndGlobalSection
	GlobalSection(ExtensibilityGlobals) = postSolution
		SolutionGuid = {954EE770-45D6-4430-B026-8D3E20551CE1}
	EndGlobalSection
EndGlobal
